
Microsoft Visual Studio Solution File, Format Version 12.00
# Visual Studio Version 16
VisualStudioVersion = 16.0.30717.126
MinimumVisualStudioVersion = 10.0.40219.1
Project("{9A19103F-16F7-4668-BE54-9A1E7A4F7556}") = "DiplomServer", "DiplomServer\DiplomServer.csproj", "{B6147647-771F-403A-A77D-3DA656CE9208}"
EndProject
Project("{FAE04EC0-301F-11D3-BF4B-00C04F79EFBC}") = "DiplomClient", "DiplomClient\DiplomClient.csproj", "{3855C574-8FA3-47F4-BF9C-CED72EBBBA92}"
EndProject
Global
	GlobalSection(SolutionConfigurationPlatforms) = preSolution
		Debug|Any CPU = Debug|Any CPU
		Release|Any CPU = Release|Any CPU
	EndGlobalSection
	GlobalSection(ProjectConfigurationPlatforms) = postSolution
		{B6147647-771F-403A-A77D-3DA656CE9208}.Debug|Any CPU.ActiveCfg = Debug|Any CPU
		{B6147647-771F-403A-A77D-3DA656CE9208}.Debug|Any CPU.Build.0 = Debug|Any CPU
		{B6147647-771F-403A-A77D-3DA656CE9208}.Release|Any CPU.ActiveCfg = Release|Any CPU
		{B6147647-771F-403A-A77D-3DA656CE9208}.Release|Any CPU.Build.0 = Release|Any CPU
		{3855C574-8FA3-47F4-BF9C-CED72EBBBA92}.Debug|Any CPU.ActiveCfg = Debug|Any CPU
		{3855C574-8FA3-47F4-BF9C-CED72EBBBA92}.Debug|Any CPU.Build.0 = Debug|Any CPU
		{3855C574-8FA3-47F4-BF9C-CED72EBBBA92}.Release|Any CPU.ActiveCfg = Release|Any CPU
		{3855C574-8FA3-47F4-BF9C-CED72EBBBA92}.Release|Any CPU.Build.0 = Release|Any CPU
	EndGlobalSection
	GlobalSection(SolutionProperties) = preSolution
		HideSolutionNode = FALSE
	EndGlobalSection
	GlobalSection(ExtensibilityGlobals) = postSolution
		SolutionGuid = {0C22C553-FACC-41A1-B267-BB83A2B37F3E}
	EndGlobalSection
EndGlobal
